{
  "version": 4,
  "terraform_version": "1.7.4",
  "serial": 33,
  "lineage": "b45b6c53-ff32-e7d7-1d73-7e4dc63f4e9a",
  "outputs": {},
  "resources": [
    {
      "mode": "managed",
      "type": "logicmonitor_device_group",
      "name": "noobs-devices_by_location",
      "provider": "provider[\"registry.terraform.io/logicmonitor/logicmonitor\"]",
      "instances": [
        {
          "schema_version": 0,
          "attributes": {
            "applies_to": "",
            "aws_regions_info": "",
            "aws_test_result": [],
            "aws_test_result_code": 200,
            "azure_regions_info": "",
            "azure_test_result": [],
            "azure_test_result_code": 200,
            "created_on": 1708713013,
            "custom_properties": [
              {
                "name": "isTerraformManaged",
                "value": "true"
              }
            ],
            "default_collector_description": "",
            "default_collector_id": 0,
            "description": "Supergroup for organizing Noob team resources by their physical locations",
            "disable_alerting": false,
            "effective_alert_enabled": true,
            "enable_netflow": false,
            "extra": [
              {
                "account": [],
                "default": [],
                "devices": [],
                "services": []
              }
            ],
            "full_path": "Team Terraform Groups/Devices by Location",
            "gcp_regions_info": "",
            "gcp_test_result": [],
            "gcp_test_result_code": 200,
            "group_status": "normal",
            "group_type": "Normal",
            "has_netflow_enabled_devices": false,
            "id": "3231",
            "name": "Devices by Location",
            "num_of_a_w_s_devices": 0,
            "num_of_azure_devices": 0,
            "num_of_direct_devices": 0,
            "num_of_direct_sub_groups": 0,
            "num_of_gcp_devices": 0,
            "num_of_hosts": 0,
            "parent_id": 3225,
            "sub_groups": [],
            "user_permission": "write"
          },
          "sensitive_attributes": [],
          "private": "bnVsbA=="
        }
      ]
    },
    {
      "mode": "managed",
      "type": "logicmonitor_device_group",
      "name": "noobs-devices_by_type",
      "provider": "provider[\"registry.terraform.io/logicmonitor/logicmonitor\"]",
      "instances": [
        {
          "schema_version": 0,
          "attributes": {
            "applies_to": "",
            "aws_regions_info": "",
            "aws_test_result": [],
            "aws_test_result_code": 200,
            "azure_regions_info": "",
            "azure_test_result": [],
            "azure_test_result_code": 200,
            "created_on": 1708712708,
            "custom_properties": [
              {
                "name": "isTerraformManaged",
                "value": "true"
              }
            ],
            "default_collector_description": "",
            "default_collector_id": 0,
            "description": "Supergroup for organizing Noob team resources by their types",
            "disable_alerting": false,
            "effective_alert_enabled": true,
            "enable_netflow": false,
            "extra": [
              {
                "account": [],
                "default": [],
                "devices": [],
                "services": []
              }
            ],
            "full_path": "Team Terraform Groups/Devices by Type",
            "gcp_regions_info": "",
            "gcp_test_result": [],
            "gcp_test_result_code": 200,
            "group_status": "normal",
            "group_type": "Normal",
            "has_netflow_enabled_devices": false,
            "id": "3229",
            "name": "Devices by Type",
            "num_of_a_w_s_devices": 0,
            "num_of_azure_devices": 0,
            "num_of_direct_devices": 0,
            "num_of_direct_sub_groups": 1,
            "num_of_gcp_devices": 0,
            "num_of_hosts": 7,
            "parent_id": 3225,
            "sub_groups": [
              {
                "applies_to": "isCollectorDevice()",
                "aws_regions_info": "",
                "azure_regions_info": "",
                "description": "Group for collectors",
                "full_path": "Team Terraform Groups/Devices by Type/Collectors",
                "gcp_regions_info": "",
                "group_type": "Normal",
                "id": 3230,
                "name": "Collectors",
                "num_of_direct_devices": 7,
                "num_of_direct_sub_groups": 0,
                "num_of_hosts": 7,
                "user_permission": "write"
              }
            ],
            "user_permission": "write"
          },
          "sensitive_attributes": [],
          "private": "bnVsbA=="
        }
      ]
    },
    {
      "mode": "managed",
      "type": "logicmonitor_device_group",
      "name": "noobs-devices_by_type-collectors",
      "provider": "provider[\"registry.terraform.io/logicmonitor/logicmonitor\"]",
      "instances": [
        {
          "schema_version": 0,
          "attributes": {
            "applies_to": "isCollectorDevice()",
            "aws_regions_info": "",
            "aws_test_result": [],
            "aws_test_result_code": 200,
            "azure_regions_info": "",
            "azure_test_result": [],
            "azure_test_result_code": 200,
            "created_on": 1708712734,
            "custom_properties": [
              {
                "name": "isTerraformManaged",
                "value": "true"
              }
            ],
            "default_collector_description": "",
            "default_collector_id": 0,
            "description": "Group for collectors",
            "disable_alerting": false,
            "effective_alert_enabled": true,
            "enable_netflow": false,
            "extra": [
              {
                "account": [],
                "default": [],
                "devices": [],
                "services": []
              }
            ],
            "full_path": "Team Terraform Groups/Devices by Type/Collectors",
            "gcp_regions_info": "",
            "gcp_test_result": [],
            "gcp_test_result_code": 200,
            "group_status": "normal",
            "group_type": "Normal",
            "has_netflow_enabled_devices": false,
            "id": "3230",
            "name": "Collectors",
            "num_of_a_w_s_devices": 0,
            "num_of_azure_devices": 0,
            "num_of_direct_devices": 7,
            "num_of_direct_sub_groups": 0,
            "num_of_gcp_devices": 0,
            "num_of_hosts": 7,
            "parent_id": 3229,
            "sub_groups": [],
            "user_permission": "write"
          },
          "sensitive_attributes": [],
          "private": "bnVsbA==",
          "dependencies": [
            "logicmonitor_device_group.noobs-devices_by_type"
          ]
        }
      ]
    }
  ],
  "check_results": null
}
